
Microsoft Visual Studio Solution File, Format Version 12.00
# Visual Studio Version 17
VisualStudioVersion = 17.10.35013.160
MinimumVisualStudioVersion = 10.0.40219.1
Project("{FAE04EC0-301F-11D3-BF4B-00C04F79EFBC}") = "InterView", "InterView\InterView.csproj", "{EE3DE2D5-C6B2-4F44-A805-F969D53ABE89}"
EndProject
Global
	GlobalSection(SolutionConfigurationPlatforms) = preSolution
		Debug|Any CPU = Debug|Any CPU
		Release|Any CPU = Release|Any CPU
	EndGlobalSection
	GlobalSection(ProjectConfigurationPlatforms) = postSolution
		{EE3DE2D5-C6B2-4F44-A805-F969D53ABE89}.Debug|Any CPU.ActiveCfg = Debug|Any CPU
		{EE3DE2D5-C6B2-4F44-A805-F969D53ABE89}.Debug|Any CPU.Build.0 = Debug|Any CPU
		{EE3DE2D5-C6B2-4F44-A805-F969D53ABE89}.Release|Any CPU.ActiveCfg = Release|Any CPU
		{EE3DE2D5-C6B2-4F44-A805-F969D53ABE89}.Release|Any CPU.Build.0 = Release|Any CPU
	EndGlobalSection
	GlobalSection(SolutionProperties) = preSolution
		HideSolutionNode = FALSE
	EndGlobalSection
	GlobalSection(ExtensibilityGlobals) = postSolution
		SolutionGuid = {4F03D15C-651A-4D78-81B2-F5CEB8E5738E}
	EndGlobalSection
EndGlobal
